
Microsoft Visual Studio Solution File, Format Version 12.00
# Visual Studio 15
VisualStudioVersion = 15.0.28010.2026
MinimumVisualStudioVersion = 10.0.40219.1
Project("{FAE04EC0-301F-11D3-BF4B-00C04F79EFBC}") = "clientProgram", "clientProgram\clientProgram.csproj", "{BC3E95BF-909C-439A-A6FB-48647C1EF4E2}"
EndProject
Project("{FAE04EC0-301F-11D3-BF4B-00C04F79EFBC}") = "serverProgram", "serverProgram\serverProgram.csproj", "{C741FBCD-D157-42E3-B312-D05C1119B3C0}"
EndProject
Global
	GlobalSection(SolutionConfigurationPlatforms) = preSolution
		Debug|Any CPU = Debug|Any CPU
		Release|Any CPU = Release|Any CPU
	EndGlobalSection
	GlobalSection(ProjectConfigurationPlatforms) = postSolution
		{BC3E95BF-909C-439A-A6FB-48647C1EF4E2}.Debug|Any CPU.ActiveCfg = Debug|Any CPU
		{BC3E95BF-909C-439A-A6FB-48647C1EF4E2}.Debug|Any CPU.Build.0 = Debug|Any CPU
		{BC3E95BF-909C-439A-A6FB-48647C1EF4E2}.Release|Any CPU.ActiveCfg = Release|Any CPU
		{BC3E95BF-909C-439A-A6FB-48647C1EF4E2}.Release|Any CPU.Build.0 = Release|Any CPU
		{C741FBCD-D157-42E3-B312-D05C1119B3C0}.Debug|Any CPU.ActiveCfg = Debug|Any CPU
		{C741FBCD-D157-42E3-B312-D05C1119B3C0}.Debug|Any CPU.Build.0 = Debug|Any CPU
		{C741FBCD-D157-42E3-B312-D05C1119B3C0}.Release|Any CPU.ActiveCfg = Release|Any CPU
		{C741FBCD-D157-42E3-B312-D05C1119B3C0}.Release|Any CPU.Build.0 = Release|Any CPU
	EndGlobalSection
	GlobalSection(SolutionProperties) = preSolution
		HideSolutionNode = FALSE
	EndGlobalSection
	GlobalSection(ExtensibilityGlobals) = postSolution
		SolutionGuid = {91878C0B-F8B3-45E6-89F2-FBA1EAF33704}
	EndGlobalSection
EndGlobal
